
Microsoft Visual Studio Solution File, Format Version 12.00
# Visual Studio Version 17
VisualStudioVersion = 17.11.35222.181
MinimumVisualStudioVersion = 10.0.40219.1
Project("{FAE04EC0-301F-11D3-BF4B-00C04F79EFBC}") = "division old", "division c# (optimized)\division old.csproj", "{EDA134EB-DDD4-4444-9FD1-EED08C76F8A2}"
EndProject
Project("{FAE04EC0-301F-11D3-BF4B-00C04F79EFBC}") = "CUDA division", "CUDA division\CUDA division.csproj", "{C4637AB6-168B-471F-B557-562AC04B920A}"
EndProject
Project("{FAE04EC0-301F-11D3-BF4B-00C04F79EFBC}") = "division", "division\division.csproj", "{A61DD9D9-25A9-4AEA-8195-2C1B4F891D93}"
EndProject
Global
	GlobalSection(SolutionConfigurationPlatforms) = preSolution
		Debug|Any CPU = Debug|Any CPU
		Release|Any CPU = Release|Any CPU
	EndGlobalSection
	GlobalSection(ProjectConfigurationPlatforms) = postSolution
		{EDA134EB-DDD4-4444-9FD1-EED08C76F8A2}.Debug|Any CPU.ActiveCfg = Debug|Any CPU
		{EDA134EB-DDD4-4444-9FD1-EED08C76F8A2}.Debug|Any CPU.Build.0 = Debug|Any CPU
		{EDA134EB-DDD4-4444-9FD1-EED08C76F8A2}.Release|Any CPU.ActiveCfg = Release|Any CPU
		{EDA134EB-DDD4-4444-9FD1-EED08C76F8A2}.Release|Any CPU.Build.0 = Release|Any CPU
		{C4637AB6-168B-471F-B557-562AC04B920A}.Debug|Any CPU.ActiveCfg = Debug|Any CPU
		{C4637AB6-168B-471F-B557-562AC04B920A}.Debug|Any CPU.Build.0 = Debug|Any CPU
		{C4637AB6-168B-471F-B557-562AC04B920A}.Release|Any CPU.ActiveCfg = Release|Any CPU
		{C4637AB6-168B-471F-B557-562AC04B920A}.Release|Any CPU.Build.0 = Release|Any CPU
		{A61DD9D9-25A9-4AEA-8195-2C1B4F891D93}.Debug|Any CPU.ActiveCfg = Debug|Any CPU
		{A61DD9D9-25A9-4AEA-8195-2C1B4F891D93}.Debug|Any CPU.Build.0 = Debug|Any CPU
		{A61DD9D9-25A9-4AEA-8195-2C1B4F891D93}.Release|Any CPU.ActiveCfg = Release|Any CPU
		{A61DD9D9-25A9-4AEA-8195-2C1B4F891D93}.Release|Any CPU.Build.0 = Release|Any CPU
	EndGlobalSection
	GlobalSection(SolutionProperties) = preSolution
		HideSolutionNode = FALSE
	EndGlobalSection
	GlobalSection(ExtensibilityGlobals) = postSolution
		SolutionGuid = {0EEBD0DA-6782-46F2-9130-35236A90FD4A}
	EndGlobalSection
EndGlobal
